
Microsoft Visual Studio Solution File, Format Version 12.00
# Visual Studio 14
VisualStudioVersion = 14.0.25420.1
MinimumVisualStudioVersion = 10.0.40219.1
Project("{8BC9CEB8-8B4A-11D0-8D11-00A0C91BC942}") = "Eigen101", "Eigen101\Eigen101.vcxproj", "{71BF0AC0-8F68-42A8-B8F6-D09335402FD6}"
EndProject
Project("{8BC9CEB8-8B4A-11D0-8D11-00A0C91BC942}") = "MatrixClass", "MatrixClass\MatrixClass.vcxproj", "{E7ECB9D0-D720-41D9-A30E-B4AA88489B71}"
EndProject
Project("{8BC9CEB8-8B4A-11D0-8D11-00A0C91BC942}") = "Arithmetic", "Arithmetic\Arithmetic.vcxproj", "{AC082D6E-C30F-477C-9275-14D830AA9923}"
EndProject
Project("{8BC9CEB8-8B4A-11D0-8D11-00A0C91BC942}") = "ArrayClassAndCoefficientWiseOperations", "ArrayClassAndCoefficientWiseOperations\ArrayClassAndCoefficientWiseOperations.vcxproj", "{36BD3A19-362D-421B-8800-EEF99B3B713E}"
EndProject
Project("{8BC9CEB8-8B4A-11D0-8D11-00A0C91BC942}") = "BlockOperations", "BlockOperations\BlockOperations.vcxproj", "{14529582-009C-41B8-BA39-BB291AAABDD1}"
EndProject
Project("{8BC9CEB8-8B4A-11D0-8D11-00A0C91BC942}") = "AdvancedInitial", "AdvancedInitial\AdvancedInitial.vcxproj", "{8C25C11C-5EAE-4150-A09D-225DA67D367D}"
EndProject
Project("{8BC9CEB8-8B4A-11D0-8D11-00A0C91BC942}") = "Basic_linear_solving", "Linear_algebra_and_decomposition\Basic_linear_solving\Basic_linear_solving.vcxproj", "{CB25EFA4-1904-47AC-9052-B921B82F123B}"
EndProject
Project("{2150E333-8FDC-42A3-9474-1A3956D46DE8}") = "Basic linear solving", "Basic linear solving", "{1398C6F8-5B87-431B-AC0F-176D90E1C8E1}"
EndProject
Project("{8BC9CEB8-8B4A-11D0-8D11-00A0C91BC942}") = "LDLT", "Linear_algebra_and_decomposition\LDLT\LDLT.vcxproj", "{D64464B9-A591-4E34-87F5-B153EB0F8E4C}"
EndProject
Project("{8BC9CEB8-8B4A-11D0-8D11-00A0C91BC942}") = "Computing_eigenvalues_and_eigenvectors", "Linear_algebra_and_decomposition\Computing_eigenvalues_and_eigenvectors\Computing_eigenvalues_and_eigenvectors.vcxproj", "{3EB13E03-7558-4394-A968-D2351548BB5C}"
EndProject
Project("{8BC9CEB8-8B4A-11D0-8D11-00A0C91BC942}") = "Computing_nverse_and_determinant", "Linear_algebra_and_decomposition\Computing_nverse_and_determinant\Computing_nverse_and_determinant.vcxproj", "{C5FB2DC7-BC1F-44C0-A586-54098C15F805}"
EndProject
Global
	GlobalSection(SolutionConfigurationPlatforms) = preSolution
		Debug|x64 = Debug|x64
		Debug|x86 = Debug|x86
		Release|x64 = Release|x64
		Release|x86 = Release|x86
	EndGlobalSection
	GlobalSection(ProjectConfigurationPlatforms) = postSolution
		{71BF0AC0-8F68-42A8-B8F6-D09335402FD6}.Debug|x64.ActiveCfg = Debug|x64
		{71BF0AC0-8F68-42A8-B8F6-D09335402FD6}.Debug|x64.Build.0 = Debug|x64
		{71BF0AC0-8F68-42A8-B8F6-D09335402FD6}.Debug|x86.ActiveCfg = Debug|Win32
		{71BF0AC0-8F68-42A8-B8F6-D09335402FD6}.Debug|x86.Build.0 = Debug|Win32
		{71BF0AC0-8F68-42A8-B8F6-D09335402FD6}.Release|x64.ActiveCfg = Release|x64
		{71BF0AC0-8F68-42A8-B8F6-D09335402FD6}.Release|x64.Build.0 = Release|x64
		{71BF0AC0-8F68-42A8-B8F6-D09335402FD6}.Release|x86.ActiveCfg = Release|Win32
		{71BF0AC0-8F68-42A8-B8F6-D09335402FD6}.Release|x86.Build.0 = Release|Win32
		{E7ECB9D0-D720-41D9-A30E-B4AA88489B71}.Debug|x64.ActiveCfg = Debug|x64
		{E7ECB9D0-D720-41D9-A30E-B4AA88489B71}.Debug|x64.Build.0 = Debug|x64
		{E7ECB9D0-D720-41D9-A30E-B4AA88489B71}.Debug|x86.ActiveCfg = Debug|Win32
		{E7ECB9D0-D720-41D9-A30E-B4AA88489B71}.Debug|x86.Build.0 = Debug|Win32
		{E7ECB9D0-D720-41D9-A30E-B4AA88489B71}.Release|x64.ActiveCfg = Release|x64
		{E7ECB9D0-D720-41D9-A30E-B4AA88489B71}.Release|x64.Build.0 = Release|x64
		{E7ECB9D0-D720-41D9-A30E-B4AA88489B71}.Release|x86.ActiveCfg = Release|Win32
		{E7ECB9D0-D720-41D9-A30E-B4AA88489B71}.Release|x86.Build.0 = Release|Win32
		{AC082D6E-C30F-477C-9275-14D830AA9923}.Debug|x64.ActiveCfg = Debug|x64
		{AC082D6E-C30F-477C-9275-14D830AA9923}.Debug|x64.Build.0 = Debug|x64
		{AC082D6E-C30F-477C-9275-14D830AA9923}.Debug|x86.ActiveCfg = Debug|Win32
		{AC082D6E-C30F-477C-9275-14D830AA9923}.Debug|x86.Build.0 = Debug|Win32
		{AC082D6E-C30F-477C-9275-14D830AA9923}.Release|x64.ActiveCfg = Release|x64
		{AC082D6E-C30F-477C-9275-14D830AA9923}.Release|x64.Build.0 = Release|x64
		{AC082D6E-C30F-477C-9275-14D830AA9923}.Release|x86.ActiveCfg = Release|Win32
		{AC082D6E-C30F-477C-9275-14D830AA9923}.Release|x86.Build.0 = Release|Win32
		{36BD3A19-362D-421B-8800-EEF99B3B713E}.Debug|x64.ActiveCfg = Debug|x64
		{36BD3A19-362D-421B-8800-EEF99B3B713E}.Debug|x64.Build.0 = Debug|x64
		{36BD3A19-362D-421B-8800-EEF99B3B713E}.Debug|x86.ActiveCfg = Debug|Win32
		{36BD3A19-362D-421B-8800-EEF99B3B713E}.Debug|x86.Build.0 = Debug|Win32
		{36BD3A19-362D-421B-8800-EEF99B3B713E}.Release|x64.ActiveCfg = Release|x64
		{36BD3A19-362D-421B-8800-EEF99B3B713E}.Release|x64.Build.0 = Release|x64
		{36BD3A19-362D-421B-8800-EEF99B3B713E}.Release|x86.ActiveCfg = Release|Win32
		{36BD3A19-362D-421B-8800-EEF99B3B713E}.Release|x86.Build.0 = Release|Win32
		{14529582-009C-41B8-BA39-BB291AAABDD1}.Debug|x64.ActiveCfg = Debug|x64
		{14529582-009C-41B8-BA39-BB291AAABDD1}.Debug|x64.Build.0 = Debug|x64
		{14529582-009C-41B8-BA39-BB291AAABDD1}.Debug|x86.ActiveCfg = Debug|Win32
		{14529582-009C-41B8-BA39-BB291AAABDD1}.Debug|x86.Build.0 = Debug|Win32
		{14529582-009C-41B8-BA39-BB291AAABDD1}.Release|x64.ActiveCfg = Release|x64
		{14529582-009C-41B8-BA39-BB291AAABDD1}.Release|x64.Build.0 = Release|x64
		{14529582-009C-41B8-BA39-BB291AAABDD1}.Release|x86.ActiveCfg = Release|Win32
		{14529582-009C-41B8-BA39-BB291AAABDD1}.Release|x86.Build.0 = Release|Win32
		{8C25C11C-5EAE-4150-A09D-225DA67D367D}.Debug|x64.ActiveCfg = Debug|x64
		{8C25C11C-5EAE-4150-A09D-225DA67D367D}.Debug|x64.Build.0 = Debug|x64
		{8C25C11C-5EAE-4150-A09D-225DA67D367D}.Debug|x86.ActiveCfg = Debug|Win32
		{8C25C11C-5EAE-4150-A09D-225DA67D367D}.Debug|x86.Build.0 = Debug|Win32
		{8C25C11C-5EAE-4150-A09D-225DA67D367D}.Release|x64.ActiveCfg = Release|x64
		{8C25C11C-5EAE-4150-A09D-225DA67D367D}.Release|x64.Build.0 = Release|x64
		{8C25C11C-5EAE-4150-A09D-225DA67D367D}.Release|x86.ActiveCfg = Release|Win32
		{8C25C11C-5EAE-4150-A09D-225DA67D367D}.Release|x86.Build.0 = Release|Win32
		{CB25EFA4-1904-47AC-9052-B921B82F123B}.Debug|x64.ActiveCfg = Debug|x64
		{CB25EFA4-1904-47AC-9052-B921B82F123B}.Debug|x64.Build.0 = Debug|x64
		{CB25EFA4-1904-47AC-9052-B921B82F123B}.Debug|x86.ActiveCfg = Debug|Win32
		{CB25EFA4-1904-47AC-9052-B921B82F123B}.Debug|x86.Build.0 = Debug|Win32
		{CB25EFA4-1904-47AC-9052-B921B82F123B}.Release|x64.ActiveCfg = Release|x64
		{CB25EFA4-1904-47AC-9052-B921B82F123B}.Release|x64.Build.0 = Release|x64
		{CB25EFA4-1904-47AC-9052-B921B82F123B}.Release|x86.ActiveCfg = Release|Win32
		{CB25EFA4-1904-47AC-9052-B921B82F123B}.Release|x86.Build.0 = Release|Win32
		{D64464B9-A591-4E34-87F5-B153EB0F8E4C}.Debug|x64.ActiveCfg = Debug|x64
		{D64464B9-A591-4E34-87F5-B153EB0F8E4C}.Debug|x64.Build.0 = Debug|x64
		{D64464B9-A591-4E34-87F5-B153EB0F8E4C}.Debug|x86.ActiveCfg = Debug|Win32
		{D64464B9-A591-4E34-87F5-B153EB0F8E4C}.Debug|x86.Build.0 = Debug|Win32
		{D64464B9-A591-4E34-87F5-B153EB0F8E4C}.Release|x64.ActiveCfg = Release|x64
		{D64464B9-A591-4E34-87F5-B153EB0F8E4C}.Release|x64.Build.0 = Release|x64
		{D64464B9-A591-4E34-87F5-B153EB0F8E4C}.Release|x86.ActiveCfg = Release|Win32
		{D64464B9-A591-4E34-87F5-B153EB0F8E4C}.Release|x86.Build.0 = Release|Win32
		{3EB13E03-7558-4394-A968-D2351548BB5C}.Debug|x64.ActiveCfg = Debug|x64
		{3EB13E03-7558-4394-A968-D2351548BB5C}.Debug|x64.Build.0 = Debug|x64
		{3EB13E03-7558-4394-A968-D2351548BB5C}.Debug|x86.ActiveCfg = Debug|Win32
		{3EB13E03-7558-4394-A968-D2351548BB5C}.Debug|x86.Build.0 = Debug|Win32
		{3EB13E03-7558-4394-A968-D2351548BB5C}.Release|x64.ActiveCfg = Release|x64
		{3EB13E03-7558-4394-A968-D2351548BB5C}.Release|x64.Build.0 = Release|x64
		{3EB13E03-7558-4394-A968-D2351548BB5C}.Release|x86.ActiveCfg = Release|Win32
		{3EB13E03-7558-4394-A968-D2351548BB5C}.Release|x86.Build.0 = Release|Win32
		{C5FB2DC7-BC1F-44C0-A586-54098C15F805}.Debug|x64.ActiveCfg = Debug|x64
		{C5FB2DC7-BC1F-44C0-A586-54098C15F805}.Debug|x64.Build.0 = Debug|x64
		{C5FB2DC7-BC1F-44C0-A586-54098C15F805}.Debug|x86.ActiveCfg = Debug|Win32
		{C5FB2DC7-BC1F-44C0-A586-54098C15F805}.Debug|x86.Build.0 = Debug|Win32
		{C5FB2DC7-BC1F-44C0-A586-54098C15F805}.Release|x64.ActiveCfg = Release|x64
		{C5FB2DC7-BC1F-44C0-A586-54098C15F805}.Release|x64.Build.0 = Release|x64
		{C5FB2DC7-BC1F-44C0-A586-54098C15F805}.Release|x86.ActiveCfg = Release|Win32
		{C5FB2DC7-BC1F-44C0-A586-54098C15F805}.Release|x86.Build.0 = Release|Win32
	EndGlobalSection
	GlobalSection(SolutionProperties) = preSolution
		HideSolutionNode = FALSE
	EndGlobalSection
	GlobalSection(NestedProjects) = preSolution
		{CB25EFA4-1904-47AC-9052-B921B82F123B} = {1398C6F8-5B87-431B-AC0F-176D90E1C8E1}
		{D64464B9-A591-4E34-87F5-B153EB0F8E4C} = {1398C6F8-5B87-431B-AC0F-176D90E1C8E1}
		{3EB13E03-7558-4394-A968-D2351548BB5C} = {1398C6F8-5B87-431B-AC0F-176D90E1C8E1}
		{C5FB2DC7-BC1F-44C0-A586-54098C15F805} = {1398C6F8-5B87-431B-AC0F-176D90E1C8E1}
	EndGlobalSection
EndGlobal
